lockfileVersion: '9.0'

settings:
  autoInstallPeers: true
  excludeLinksFromLockfile: false

importers:

  .:
    dependencies:
      '@openrouter/ai-sdk-provider':
        specifier: ^3.0.0
        version: 3.0.0(ai@7.0.93(zod@4.5.4))(zod@4.5.4)
      '@vercel/connect':
        specifier: 2.0.2
        version: 2.0.2(ai@7.0.93(zod@4.5.4))(eve@0.52.2(ai@7.0.93(zod@4.5.4)))
      ai:
        specifier: 7.0.93
        version: 7.0.93(zod@4.5.4)
      eve:
        specifier: ^0.52.2
        version: 0.52.2(ai@7.0.93(zod@4.5.4))
      octokit:
        specifier: ^5.0.5
        version: 5.0.5
      zod:
        specifier: 4.5.4
        version: 4.5.4
    devDependencies:
      '@types/node':
        specifier: ~26.5.0
        version: 26.5.0
      '@typescript/native-preview':
        specifier: 7.0.0-dev.20260707.2
        version: 7.0.0-dev.20260707.2

packages:

  '@ai-sdk/gateway@4.0.75':
    resolution: {integrity: sha512-HOnhw3oXtBnboBF7kAKipjToCN6+5w6EuukiUKiULcxBitS+vbHRRv9IUBcq+Z1wkXcJjfywKrt5r++I6OYyXg==}
    engines: {node: '>=22'}
    peerDependencies:
      zod: ^3.25.76 || ^4.1.8

  '@ai-sdk/provider-utils@5.0.36':
    resolution: {integrity: sha512-MFXBn6XDyf37PNQAge/HTatPJE8Vmg/g/w4WPtjSV53jq8FKAzoaN5+43hsdQa9bqgN+/13jxug9ChvsG+godQ==}
    engines: {node: '>=22'}
    peerDependencies:
      zod: ^3.25.76 || ^4.1.8

  '@ai-sdk/provider@4.0.10':
    resolution: {integrity: sha512-fX2ENAc7iDpZ+Wp4+Rk06Usn/Ys7dI9uAkGv0jlF6XVrW13NkRWx5Ou+U6lIM2E1fTLkCs16GGrUAaVvroag7A==}
    engines: {node: '>=22'}

  '@octokit/app@16.1.4':
    resolution: {integrity: sha512-g70WONQyGoBgqIJtv4O0MUEfOF1iJpTfFt3qAW7HaiwiJ6k607xg/gBezCa4tuq6BpO6qXn7qvq8v9tjWtgGQg==}
    engines: {node: '>= 20'}

  '@octokit/auth-app@8.3.1':
    resolution: {integrity: sha512-XHWxZsF4mvGTQCv7AOxgby9t9OjVO19FBuKq+QmyBxFrf+B2hR/P5j/MTF8g95bITf8cRtR17KIXThpFNqiKbg==}
    engines: {node: '>= 20'}

  '@octokit/auth-oauth-app@9.0.5':
    resolution: {integrity: sha512-Hn2yAlIDjFLGjAz7t+CRu7e9VYoFW1W3LLyOLyahFoJGlCf4PtDkHKtRET8w/2CJpsrC0FxIF5g5Xtx9E4O78w==}
    engines: {node: '>= 20'}

  '@octokit/auth-oauth-device@8.0.5':
    resolution: {integrity: sha512-kdJtjRhykMLJrMdcoC56XUBDfoUAuWEFKpkDxwYim+bNwYw1MreLolk+PLnwEYT8djm589YepeMuJ8+ECAIzVQ==}
    engines: {node: '>= 20'}

  '@octokit/auth-oauth-user@6.0.4':
    resolution: {integrity: sha512-eya2pMJ9pCBq1jrm1Rf6J3NI+NemEpzDMLo9J/GpRoK0KgdxIVXWX4LESIfwJ+GYeoq6QFIlUJNi1lVp5FBgmw==}
    engines: {node: '>= 20'}

  '@octokit/auth-token@6.0.0':
    resolution: {integrity: sha512-P4YJBPdPSpWTQ1NU4XYdvHvXJJDxM6YwpS0FZHRgP7YFkdVxsWcpWGy/NVqlAA7PcPCnMacXlRm1y2PFZRWL/w==}
    engines: {node: '>= 20'}

  '@octokit/auth-unauthenticated@7.0.5':
    resolution: {integrity: sha512-KBzGMM8hRgtGKDe8JqvDdhHj+7PWHRo1qxz9pQ5WT1162DLdC6O5jL+kRFk3VfpCnEfc3bUYZ2vOwI9vx8yUXA==}
    engines: {node: '>= 20'}

  '@octokit/core@7.0.8':
    resolution: {integrity: sha512-L7y8eYc+AwxGr2PWI4WFt1VG4TiJ66c26BD16mXpYIlXxG0SMigM1+m4aTSlYyBr5BlQsGAlz8uDCoZN4SEMcg==}
    engines: {node: '>= 20'}

  '@octokit/endpoint@11.0.5':
    resolution: {integrity: sha512-iXa654H3yFafF/ieHkukfbgWo2rmXD2ceD0ZOtrPhw1bc3FDch1d9N/TNs0FQ1/cIbwb7kspUX8jzIs8nzb9DQ==}
    engines: {node: '>= 20'}

  '@octokit/graphql@9.0.5':
    resolution: {integrity: sha512-bt/hm03LeU6Vy7FwTrkkC9p3XGT/lBwClglMqxBSe5/q0E5CdJTXeAqEI0vlw89/LF/G6tryTIH8HirZ3prMVg==}
    engines: {node: '>= 20'}

  '@octokit/oauth-app@8.0.4':
    resolution: {integrity: sha512-Ji5JpRwAJcbOJkO4ij0tW6+GrQ8efpICnAca3o5xI8/HUNjqJu3hhG4cCZdXAHMKaOaQTFX0Yl+cpu61Rsx94A==}
    engines: {node: '>= 20'}

  '@octokit/oauth-authorization-url@8.0.0':
    resolution: {integrity: sha512-7QoLPRh/ssEA/HuHBHdVdSgF8xNLz/Bc5m9fZkArJE5bb6NmVkDm3anKxXPmN1zh6b5WKZPRr3697xKT/yM3qQ==}
    engines: {node: '>= 20'}

  '@octokit/oauth-methods@6.0.5':
    resolution: {integrity: sha512-/mAz7taDZD7DcV4zcG6TDw3Kr6TOldmYBRpvA62C3WIxRMmcgX8XxsTvVQomqKE7VEk/BgYhUao1aR2tYGyIKg==}
    engines: {node: '>= 20'}

  '@octokit/openapi-types@27.0.0':
    resolution: {integrity: sha512-whrdktVs1h6gtR+09+QsNk2+FO+49j6ga1c55YZudfEG+oKJVvJLQi3zkOm5JjiUXAagWK2tI2kTGKJ2Ys7MGA==}

  '@octokit/openapi-types@28.0.0':
    resolution: {integrity: sha512-0rFyLuyHvIj6uuZWuDslxkowFYdPXoNIkeAv4b27dzm2Tf4vGWXnPsMcxs7d65kLdMERgP3wc1AEPlqMz8e1cQ==}

  '@octokit/openapi-types@29.0.1':
    resolution: {integrity: sha512-9qWOMFNxxLokERcms42rU0PTLqQmVs7g5E41TI4mCOxmpFayD1rfC7XxOL55cG9MBZLFlC31BrR37myMKardwg==}

  '@octokit/openapi-webhooks-types@12.1.0':
    resolution: {integrity: sha512-WiuzhOsiOvb7W3Pvmhf8d2C6qaLHXrWiLBP4nJ/4kydu+wpagV5Fkz9RfQwV2afYzv3PB+3xYgp4mAdNGjDprA==}

  '@octokit/plugin-paginate-graphql@6.0.0':
    resolution: {integrity: sha512-crfpnIoFiBtRkvPqOyLOsw12XsveYuY2ieP6uYDosoUegBJpSVxGwut9sxUgFFcll3VTOTqpUf8yGd8x1OmAkQ==}
    engines: {node: '>= 20'}
    peerDependencies:
      '@octokit/core': '>=6'

  '@octokit/plugin-paginate-rest@14.0.0':
    resolution: {integrity: sha512-fNVRE7ufJiAA3XUrha2omTA39M6IXIc6GIZLvlbsm8QOQCYvpq/LkMNGyFlB1d8hTDzsAXa3OKtybdMAYsV/fw==}
    engines: {node: '>= 20'}
    peerDependencies:
      '@octokit/core': '>=6'

  '@octokit/plugin-paginate-rest@15.0.0':
    resolution: {integrity: sha512-lw9A9YL5s4VPj+VEx8uMxaxQm2YTgrPDkrLEuZuu18R8TK3oPcXF4K6t52nx6xn1RcogZC9i188sAr/4XYJaQQ==}
    engines: {node: '>= 20'}
    peerDependencies:
      '@octokit/core': '>=6'

  '@octokit/plugin-rest-endpoint-methods@17.0.0':
    resolution: {integrity: sha512-B5yCyIlOJFPqUUeiD0cnBJwWJO8lkJs5d8+ze9QDP6SvfiXSz1BF+91+0MeI1d2yxgOhU/O+CvtiZ9jSkHhFAw==}
    engines: {node: '>= 20'}
    peerDependencies:
      '@octokit/core': '>=6'

  '@octokit/plugin-retry@8.1.1':
    resolution: {integrity: sha512-VCVvZ/R1+u3WuiBWpNavZ0mY4aaJNAsENrpBP9aLSR2QyOpQgd7DhM5j4AW7z4MQpnJYgwBPf0XqPQoNBRdQwg==}
    engines: {node: '>= 20'}
    peerDependencies:
      '@octokit/core': '>=7'

  '@octokit/plugin-throttling@11.0.5':
    resolution: {integrity: sha512-LIdrkrUv+DWbKeg/49rGuFJ3SU0d3hUS+B4MhNZLepBoNUFXms8Ic9edJjrlx+zycqJHjrMRudVpVb/bAXM2Lw==}
    engines: {node: '>= 20'}
    peerDependencies:
      '@octokit/core': ^7.0.0

  '@octokit/request-error@7.1.2':
    resolution: {integrity: sha512-XZRuT3xZ84D3gYErI1DZvhJ33dCWVV6uzBtWkaBB4TvA/L6eOeTZodxLFVB44bBEEo3vEx7y00UfX1tBLrtLRg==}
    engines: {node: '>= 20'}

  '@octokit/request@10.0.16':
    resolution: {integrity: sha512-A0zWGjHzISIb+9ccG8s0dq7LKO5zVpJLRICjgUb+sJxEWqn8RUHB1rD3AE51+PECvXHIxqZ1VVvs4fHTSD9nUQ==}
    engines: {node: '>= 20'}

  '@octokit/types@16.0.0':
    resolution: {integrity: sha512-sKq+9r1Mm4efXW1FCk7hFSeJo4QKreL/tTbR0rz/qx/r1Oa2VV83LTA/H/MuCOX7uCIJmQVRKBcbmWoySjAnSg==}

  '@octokit/types@17.0.0':
    resolution: {integrity: sha512-ByP1v7YL5SMveFPP7+sj0/ZuWCOOg/Chs4NafOMpq6WNIM/hdGY0S7C0TCGDBWu1aGmOxmUIhMx3cO+IdwYZ1Q==}

  '@octokit/types@18.0.0':
    resolution: {integrity: sha512-l6bAF43PNxkJp6g+W4PjoUSSkxHomXw2nOum5CTftJz1NlV3vu93NImgOYtLf6CbBUb5j+fiuzW0PPQ5JTSvZA==}

  '@octokit/webhooks-methods@6.0.0':
    resolution: {integrity: sha512-MFlzzoDJVw/GcbfzVC1RLR36QqkTLUf79vLVO3D+xn7r0QgxnFoLZgtrzxiQErAjFUOdH6fas2KeQJ1yr/qaXQ==}
    engines: {node: '>= 20'}

  '@octokit/webhooks@14.2.0':
    resolution: {integrity: sha512-da6KbdNCV5sr1/txD896V+6W0iamFWrvVl8cHkBSPT+YlvmT3DwXa4jxZnQc+gnuTEqSWbBeoSZYTayXH9wXcw==}
    engines: {node: '>= 20'}

  '@openrouter/ai-sdk-provider@3.0.0':
    resolution: {integrity: sha512-m9XTSWoODH2RM5OsZpaGiN7QRR8cdP5paBWq699Tu3JVmGPBKT8xF8XwV0ZBVVsjikD/JgWfak4VSsTR4wAVbg==}
    engines: {node: '>=22'}
    peerDependencies:
      ai: ^7.0.0
      zod: ^3.25.76 || ^4.1.8

  '@oxc-project/types@0.148.0':
    resolution: {integrity: sha512-Nm4s/jB+4FpFsPhWGEC4h7rzksesmtnMXomo6rCMcg/b8zLQuOziRgkCS1fxDCXOlJB/6Q8oABOZ/OP6RIPj9A==}

  '@rolldown/binding-android-arm-eabi@1.2.7':
    resolution: {integrity: sha512-EypzgnYCwyVY4NDHKzGmNJT5b+XaQEBniHxsMdeIQLB/tcCzZnhqrzHpZFbX9iaxx+5RiB8caATBtfvZP7zVxQ==}
    engines: {node: ^20.19.0 || >=22.12.0}
    cpu: [arm]
    os: [android]

  '@rolldown/binding-android-arm64@1.2.7':
    resolution: {integrity: sha512-l17HE9EweWaqJZhuUuNBN/FzM62xw+DECVnJyvMsxn8vJFAGLy5QfLDoYAcronkAN8VxKZHezDpulHDPx95vFw==}
    engines: {node: ^20.19.0 || >=22.12.0}
    cpu: [arm64]
    os: [android]

  '@rolldown/binding-darwin-arm64@1.2.7':
    resolution: {integrity: sha512-8ED8ELFvHXc6OCETIn4gXObPiaR6bckM/ipXtbzlPVDRMBfEGjCKgO90F9YtfdpDatVx/ZQw7aZ1vUMf/+T3Mw==}
    engines: {node: ^20.19.0 || >=22.12.0}
    cpu: [arm64]
    os: [darwin]

  '@rolldown/binding-darwin-x64@1.2.7':
    resolution: {integrity: sha512-/WPripjtiAIZ2tWY7ddijORT0Ujg87wxWW/qcoFVCKAWVDPhtY0xr7Dj0M3GyNGz60jGwTElhro/mkF9dT7dDQ==}
    engines: {node: ^20.19.0 || >=22.12.0}
    cpu: [x64]
    os: [darwin]

  '@rolldown/binding-freebsd-x64@1.2.7':
    resolution: {integrity: sha512-14DI4NcqpvbICxSnGLx3PmtDaWqRP/KGSGb6C+JLLVPeZRl6dKdHba3pGsqT3vpdTqhEYIPG0MMQ8c0xYqoJxA==}
    engines: {node: ^20.19.0 || >=22.12.0}
    cpu: [x64]
    os: [freebsd]

  '@rolldown/binding-linux-arm-gnueabihf@1.2.7':
    resolution: {integrity: sha512-bxrWIRvHWQvbJwi+VIie/kDJmQxcNE6xxWwZdqF/ExVAigtHkv54WTLQPb+QsZdnFy18fg7JPfWGL0RH6vwIlQ==}
    engines: {node: ^20.19.0 || >=22.12.0}
    cpu: [arm]
    os: [linux]

  '@rolldown/binding-linux-arm64-gnu@1.2.7':
    resolution: {integrity: sha512-toOY2BChBZyuxU7OYX6Tn389di4IzAqPTycVcci0O7FSfBqzRB3RZn+K5Is6ANf4tmgRd/K1yZTsNTXbkXsnLg==}
    engines: {node: ^20.19.0 || >=22.12.0}
    cpu: [arm64]
    os: [linux]
    libc: [glibc]

  '@rolldown/binding-linux-arm64-musl@1.2.7':
    resolution: {integrity: sha512-lAIXTH/aiLRLxsTgQvfhjo4K1ydWIp00+V0voOr9beb/9ZmkUFrSIb03dXNFRgMNvkE6oGsF10ioQ6UsI+vS5Q==}
    engines: {node: ^20.19.0 || >=22.12.0}
    cpu: [arm64]
    os: [linux]
    libc: [musl]

  '@rolldown/binding-linux-ppc64-gnu@1.2.7':
    resolution: {integrity: sha512-kdnwS28Pkenp/mZMRwjXXXwxQ7pIsm+bF919LUK93BOyhcLsrVKdP2p9fxpiPNPAbNuch8ypQt0pm2P2LYCAGg==}
    engines: {node: ^20.19.0 || >=22.12.0}
    cpu: [ppc64]
    os: [linux]
    libc: [glibc]

  '@rolldown/binding-linux-s390x-gnu@1.2.7':
    resolution: {integrity: sha512-516OdsyLdr5E65paF3yBF55t8mfm9+gmtCsK3xI7XKXIT7EfRlHhxL8K/NR6Hu8BWSgF5+1w74lTL0+nxcc8Qw==}
    engines: {node: ^20.19.0 || >=22.12.0}
    cpu: [s390x]
    os: [linux]
    libc: [glibc]

  '@rolldown/binding-linux-x64-gnu@1.2.7':
    resolution: {integrity: sha512-r8/z8n7GFaYRln3xmP1Cxy0HH/HLM0uBUPkEuSVEfKGDA89M0FsZRZJRSwe/tJjRx+fpH/gjorfhB8tmEbSFLA==}
    engines: {node: ^20.19.0 || >=22.12.0}
    cpu: [x64]
    os: [linux]
    libc: [glibc]

  '@rolldown/binding-linux-x64-musl@1.2.7':
    resolution: {integrity: sha512-pAsE8iiDxUg1xBqdhrTfg45AVDVpirjz00sblEYClGNNcMnDb+e8beQgqIAw6LvauX/APvgxUnwrgun/YYGBhw==}
    engines: {node: ^20.19.0 || >=22.12.0}
    cpu: [x64]
    os: [linux]
    libc: [musl]

  '@rolldown/binding-openharmony-arm64@1.2.7':
    resolution: {integrity: sha512-lTcIYmmnQQA8Or/2DatS6oSqcdLHvendjS+zLu+FwgToynWMRSmQdpM65fTANJgIS4mjbMOo5KT2lnT9SAb96w==}
    engines: {node: ^20.19.0 || >=22.12.0}
    cpu: [arm64]
    os: [openharmony]

  '@rolldown/binding-win32-arm64-msvc@1.2.7':
    resolution: {integrity: sha512-e3Gu3WxbNk/UqQhxqU7YIYO+9ZBvWNz3U+h/qRFosscMFzdRPbXYSaSWgSnklv2fz1TgzBTcti2z35c/7irsHw==}
    engines: {node: ^20.19.0 || >=22.12.0}
    cpu: [arm64]
    os: [win32]

  '@rolldown/binding-win32-x64-msvc@1.2.7':
    resolution: {integrity: sha512-W/jg5qoRSqjsEv0+dZi4e687mcHqmVuU0P4fK6qS/xjetW2Gmc1W8j//z5nAeNcC8Ttm0hV46IjcYeuVwYhuiw==}
    engines: {node: ^20.19.0 || >=22.12.0}
    cpu: [x64]
    os: [win32]

  '@rolldown/pluginutils@1.0.1':
    resolution: {integrity: sha512-2j9bGt5Jh8hj+vPtgzPtl72j0yRxHAyumoo6TNfAjsLB04UtpSvPbPcDcBMxz7n+9CYB0c1GxQFxYRg2jimqGw==}

  '@standard-schema/spec@1.1.0':
    resolution: {integrity: sha512-l2aFy5jALhniG5HgqrD6jXLi/rUWrKvqN/qJx6yoJsgKhblVd+iqqU4RCXavm/jPityDo5TCvKMnpjKnOriy0w==}

  '@types/aws-lambda@8.10.163':
    resolution: {integrity: sha512-+4zuoEB3S8RIhimtOFT7zAEk2SbpwrKjjGl9CyYnQR6k08uynxfauIIB0pDU1ssr05F8oyGiETwpn+8eXZMqPw==}

  '@types/node@26.5.0':
    resolution: {integrity: sha512-dVSGpriSoCgz8WnDNTuSSuSv1PC/ALXihO4ulRZt7Md8k9mlbdin3lGOcDE8SnWOgf513ByWlXd7BK4azmyg/A==}

  '@typescript/native-preview-darwin-arm64@7.0.0-dev.20260707.2':
    resolution: {integrity: sha512-wny2pgKjGbiZtnOIHVa3tXC1UfDqxNEFzyPGmiqybedG8hipG2Nfp0l5UxbaKCjkLacUpH/W5bP2hBOMVhCOzg==}
    engines: {node: '>=16.20.0'}
    cpu: [arm64]
    os: [darwin]

  '@typescript/native-preview-darwin-x64@7.0.0-dev.20260707.2':
    resolution: {integrity: sha512-Afc7M5zOwo+GpfcYwz5Z8HMB2tPVsui7nNIqEuuFB73MPdVqNn/Wmpe4tP4MRri0AtJnJknoHBaTJ/VDAp/Jhw==}
    engines: {node: '>=16.20.0'}
    cpu: [x64]
    os: [darwin]

  '@typescript/native-preview-linux-arm64@7.0.0-dev.20260707.2':
    resolution: {integrity: sha512-iITBa2WjjTI5N9t5l7Z4KoOSI+2zBlhbvFzsD/f8qX8QoKjz/Y4DPyBDgezYi8nkqjjksbgSOJ3/ykzhwrB9cg==}
    engines: {node: '>=16.20.0'}
    cpu: [arm64]
    os: [linux]

  '@typescript/native-preview-linux-arm@7.0.0-dev.20260707.2':
    resolution: {integrity: sha512-hJm/UOqZTr9FHmR7uNm8VGX4oKtfWk0Jem0zPeJFNC8ckGUfSBueyiEYMZB+XmRc1aG4x1E46y3CplP4CLHvGQ==}
    engines: {node: '>=16.20.0'}
    cpu: [arm]
    os: [linux]

  '@typescript/native-preview-linux-x64@7.0.0-dev.20260707.2':
    resolution: {integrity: sha512-du0dzi6y97Po5vDNdPJTyyijHCpaS22JLRnKZEJXBDaO9gCIymOv/5QQokFRuOlQm0bWl3i9PF4OVdGP6uAOQA==}
    engines: {node: '>=16.20.0'}
    cpu: [x64]
    os: [linux]

  '@typescript/native-preview-win32-arm64@7.0.0-dev.20260707.2':
    resolution: {integrity: sha512-SsAwfhyHJ1akgBc+99z4+hwdbHsdWaKB8EwCNIMA6JfSLMeUjffrYvxu+vfMyxVtOVOz7RrRXRoiDiu4a2sCtg==}
    engines: {node: '>=16.20.0'}
    cpu: [arm64]
    os: [win32]

  '@typescript/native-preview-win32-x64@7.0.0-dev.20260707.2':
    resolution: {integrity: sha512-DL4u27stv0fo71sVhOzHSwE+YMZsbBijVI+kg5dLDLilSH79WFTJ8RSQ46vJrCMt+Gjlv/JOZP1PuLJDfioYeQ==}
    engines: {node: '>=16.20.0'}
    cpu: [x64]
    os: [win32]

  '@typescript/native-preview@7.0.0-dev.20260707.2':
    resolution: {integrity: sha512-oUGp+Rep/hqMhPunyinsALUwSlzHINSxitifPiSaeqoKOKD2OlR9NE3TaPqwsl4NlGslsOSUXI1JotWQzpYCPg==}
    engines: {node: '>=16.20.0'}
    hasBin: true

  '@vercel/cli-config@0.2.4':
    resolution: {integrity: sha512-kZ5SojbrV06GHoU6QIWGwDXLov+s9rWZ7QqdqKfJfBGCNUieGfgaCjeeenNy8Y+QC0bwC0dZ2B4l5Hvdmrgpdw==}

  '@vercel/cli-exec@1.0.1':
    resolution: {integrity: sha512-g9XerViJ/paZujufXYcu5XYI2vU2rtB4sgdpjUHde5RnOkdmpu0ngH46LCFGHoPXO/C+qDPSczIHIRN+8Q2YKQ==}
    engines: {node: '>= 18'}

  '@vercel/connect@2.0.2':
    resolution: {integrity: sha512-cW+J44Ac0x9tng3vg+R7Uzn1rjz66MeWArJkiBIyJSQm84L9EskKx8ibBfc8Gn2kh8xT4o/iHOFtlkrsicKr7A==}
    peerDependencies:
      '@ai-sdk/mcp': ^1 || ^2
      '@auth/core': '>=0.37.0'
      '@chat-adapter/slack': ^4.0.0
      ai: ^6 || ^7.0.0-beta.0
      better-auth: '>=1.5.0'
      eve: '>=0.13.7'
    peerDependenciesMeta:
      '@ai-sdk/mcp':
        optional: true
      '@auth/core':
        optional: true
      '@chat-adapter/slack':
        optional: true
      ai:
        optional: true
      better-auth:
        optional: true
      eve:
        optional: true

  '@vercel/oidc@3.2.0':
    resolution: {integrity: sha512-UycprH3T6n3jH0k44NHMa7pnFHGu/N05MjojYr+Mc6I7obkoLIJujSWwin1pCvdy/eOxrI/l3uDLQsmcrOb4ug==}
    engines: {node: '>= 20'}

  '@vercel/oidc@3.8.5':
    resolution: {integrity: sha512-RwXYtnt6za+5UO4IaLywN/6B95AlLqynPRUWRJxeJ/qufwkcLUbZNUxYtzT0uMpuraWhlNcGqPNGkTnZr4BGBw==}
    engines: {node: '>= 20'}

  '@workflow/serde@4.1.0':
    resolution: {integrity: sha512-pav4F2BoirECWR7Nf1TKt+2eETcBj7jj4cBefQ8VXQCA6NPkaKeLfj/zMgi+3zYV5ZIBT4GuUiphsj0/b9hPQQ==}

  ai@7.0.93:
    resolution: {integrity: sha512-CJss6zb9mlltk/mCr8qom20NBnqEQxVawkqwtT62tCwsxilZpXfHNRMRwcS3XRpzdP1kEluVuDBUayYWEEd95g==}
    engines: {node: '>=22'}
    peerDependencies:
      zod: ^3.25.76 || ^4.1.8

  before-after-hook@4.0.0:
    resolution: {integrity: sha512-q6tR3RPqIB1pMiTRMFcZwuG5T8vwp+vUvEG0vuI6B+Rikh5BfPp2fQ82c925FOs+b0lcFQ8CFrL+KbilfZFhOQ==}

  bottleneck@2.19.5:
    resolution: {integrity: sha512-VHiNCbI1lKdl44tGrhNfU3lup0Tj/ZBMJB5/2ZbNXRCPuRCO7ed2mgcK4r17y+KB2EfuYuRaVlwNbAeaWGSpbw==}

  consola@3.4.2:
    resolution: {integrity: sha512-5IKcdX0nnYavi6G7TtOhwkYzyjfJlatbjMjuLSfE2kYT5pMDOilZ4OvMhi637CcDICTmz3wARPoyhqyX1Y+XvA==}
    engines: {node: ^14.18.0 || >=16.10.0}

  content-type@3.0.0:
    resolution: {integrity: sha512-AIi5H6p0xk5uknXcN3/rmhP8jgp69OfSe/JuKiQAFprJ7UGw7mwj7m4XcmDzlrnJDG+cGpphAINGdU3g3g7kDw==}
    engines: {node: '>=22'}

  cross-spawn@7.0.6:
    resolution: {integrity: sha512-uV2QOWP2nWzsy2aMp8aRibhi9dlzF5Hgh5SHaB9OiTGEyDTiJJyx0uy51QXdyWbtAHNua4XJzUKca3OzKUd3vA==}
    engines: {node: '>= 8'}

  crossws@0.4.12:
    resolution: {integrity: sha512-aypfsr6t0uNvkqaZc6zvBfXzC6pLI0/sIulpkV6RwCVtZqG5ebBzv4weImKK0VNCj91Wl9F5j7p5WU4MNrybng==}
    peerDependencies:
      srvx: '>=0.11.5'
    peerDependenciesMeta:
      srvx:
        optional: true

  db0@0.4.1:
    resolution: {integrity: sha512-6RBY/bSn42UrqATwsiULj2uYFyEykB3XeA/NLIVQeHNXlYV6D4Idxx3/aa6k5Y45Dwzx7sygeLotnqHWSeURYA==}

  env-runner@0.2.1:
    resolution: {integrity: sha512-2iDP2DfheAMMAKeXBggEuFmpSq+1Xs6wQoHba1g65pZFXlC3VHD1O6/tgVzS6GQLv+P2koPKZPKgKhXkigNBdg==}
    hasBin: true

  eve@0.52.2:
    resolution: {integrity: sha512-FM3aC2A3SCKQxtyhSNR5+CaIVlKJmTGb7rCqcuHEhZShDKo1IXCTt/F7r4toqkLDG6lW7VcStTku77KWiosLfg==}
    engines: {node: '>=24'}
    hasBin: true
    peerDependencies:
      '@opentelemetry/api': ^1.0.0
      ai: ^7.0.82
      braintrust: ^3.0.0
      just-bash: ^3.1.0
      microsandbox: ^0.5.0
    peerDependenciesMeta:
      '@opentelemetry/api':
        optional: true
      braintrust:
        optional: true
      just-bash:
        optional: true
      microsandbox:
        optional: true

  eventsource-parser@3.1.1:
    resolution: {integrity: sha512-EKN1vKAMcZ8MlYMpaNuxN6R9yakzH6uajHcHVTqWJzvu5pWw9DyhbP35HH8MVBQ+dZjAfDxk+A8NiR9KWaXiyQ==}
    engines: {node: '>=18.0.0'}

  execa@5.1.1:
    resolution: {integrity: sha512-8uSpZZocAZRBAPIEINJj3Lo9HyGitllczc27Eh5YYojjMFMn8yHMDMaUHE2Jqfq05D/wucwI4JGURyXt1vchyg==}
    engines: {node: '>=10'}

  exsolve@1.1.1:
    resolution: {integrity: sha512-9U/jZUgjnSGyntRr6y5Muu1MJcwFl6kPu7k8qLF0IMNfLqvw0NZ4nnVDq0RVoZ0RvCyumib4Ez3KYrVfilrw+g==}

  get-stream@6.0.1:
    resolution: {integrity: sha512-ts6Wi+2j3jQjqi70w5AlN8DFnkSwC+MqmxEzdEALB2qXZYV3X/b1CTfgPLGJNMeAWxdPfU8FO1ms3NUfaHCPYg==}
    engines: {node: '>=10'}

  h3@2.0.1-rc.31:
    resolution: {integrity: sha512-AG7qZzF99a0BSYoXT3evJgIhwSIUKow7R+hwkLRZS06WJ9nbSb7QXUDgs1ByBjp6svTvl++N/GKA7I9YPz9cQQ==}
    engines: {node: '>=20.11.1'}
    hasBin: true
    peerDependencies:
      crossws: ^0.4.12
      ocache: '>=0.3.0'
    peerDependenciesMeta:
      crossws:
        optional: true
      ocache:
        optional: true

  hookable@6.1.1:
    resolution: {integrity: sha512-U9LYDy1CwhMCnprUfeAZWZGByVbhd54hwepegYTK7Pi5NvqEj63ifz5z+xukznehT7i6NIZRu89Ay1AZmRsLEQ==}

  httpxy@0.5.5:
    resolution: {integrity: sha512-uDjmnPyp1q4Sgzf3w+J/Fc6UqcCEj0x4Wjp7OqK5dGhNeDgpyrAmnS6ey8QWrX3SWDon2DMKf9sBa5X9+CVyMA==}

  human-signals@2.1.0:
    resolution: {integrity: sha512-B4FFZ6q/T2jhhksgkbEW3HBvWIfDW85snkQgawt07S7J5QXTk6BkNV+0yAeZrM5QpMAdYlocGoljn0sJ/WQkFw==}
    engines: {node: '>=10.17.0'}

  is-stream@2.0.1:
    resolution: {integrity: sha512-hFoiJiTl63nn+kstHGBtewWSKnQLpyb155KHheA1l39uvtO9nWIop1p3udqPcUd/xbF1VLMO4n7OI6p7RbngDg==}
    engines: {node: '>=8'}

  isexe@2.0.0:
    resolution: {integrity: sha512-RHxMLp9lnKHGHRng9QFhRCMbYAcVpn69smSGcq3f36xjgVVWThj4qqLbTLlq7Ssj8B+fIQ1EuCEGI2lKsyQeIw==}

  jose@5.10.0:
    resolution: {integrity: sha512-s+3Al/p9g32Iq+oqXxkW//7jk2Vig6FF1CFqzVXoTUXt2qz89YWbL+OwS17NFYEvxC35n0FKeGO2LGYSxeM2Gg==}

  json-schema@0.4.0:
    resolution: {integrity: sha512-es94M3nTIfsEPisRafak+HDLfHXnKBhV3vU5eqPcS3flIWqcxJWgXHXiey3YrpaNsanY5ei1VoYEbOzijuq9BA==}

  json-with-bigint@3.5.12:
    resolution: {integrity: sha512-uwbF/wSSuOgC7qqlq27Xp5B6a2MHVug3t0idZdTqu0JnlFvgJuH7ju+KAk/J06C7GfhoYy2gnb9wz2INqcne7w==}

  merge-stream@2.0.0:
    resolution: {integrity: sha512-abv/qOcuPfk3URPfDzmZU1LKmuw8kT+0nIHvKrKgFrwifol/doWcdA4ZqsWQ8ENrFKkd67Mfpo/LovbIUsbt3w==}

  mimic-fn@2.1.0:
    resolution: {integrity: sha512-OqbOk5oEQeAZ8WXWydlu9HJjz9WVdEIvamMCcXmuqUYjTknH/sqsWvhQ3vgwKFRR1HpjvNBKQ37nbJgYzGqGcg==}
    engines: {node: '>=6'}

  nf3@0.3.24:
    resolution: {integrity: sha512-HxLK4bo+5jNsEETZp4w3tJblHOA9MCBY14IN9nZJJV8JDxt9yNIYxuBuLMjTAR5GFa3HL61+8VQDUrXv3/C8fw==}

  nitro@3.0.260903-beta:
    resolution: {integrity: sha512-54gANPi62O8rfMvepiJUVuIzEIinYfpeHbebywlLxvVTgIYXDwSvpaU9Id+0sJOBjBx0wC1/CVYXJkH7SY+l0g==}
    engines: {node: ^20.19.0 || >=22.12.0}
    hasBin: true

  npm-run-path@4.0.1:
    resolution: {integrity: sha512-S48WzZW777zhNIrn7gxOlISNAqi9ZC/uQFnRdbeIHhZhCA6UqpkOT8T1G7BvfdgP4Er8gF4sUbaS0i7QvIfCWw==}
    engines: {node: '>=8'}

  ocache@0.3.0:
    resolution: {integrity: sha512-RS/9P0zeBb0gDJmadGERLH8lZNXK7xbufTDhclkXGvFGTsj0G4M5/cLk+mizcERH29mLXNnocfB5wjcK70wGJg==}

  octokit@5.0.5:
    resolution: {integrity: sha512-4+/OFSqOjoyULo7eN7EA97DE0Xydj/PW5aIckxqQIoFjFwqXKuFCvXUJObyJfBF9Khu4RL/jlDRI9FPaMGfPnw==}
    engines: {node: '>= 20'}

  onetime@5.1.2:
    resolution: {integrity: sha512-kbpaSSGJTWdAY5KPVeMOKXSrPtr8C8C7wodJbcsd51jRnmD+GZu8Y0VoU6Dm5Z4vWr0Ig/1NKuWRKf7j5aaYSg==}
    engines: {node: '>=6'}

  os-paths@4.4.0:
    resolution: {integrity: sha512-wrAwOeXp1RRMFfQY8Sy7VaGVmPocaLwSFOYCGKSyo8qmJ+/yaafCl5BCA1IQZWqFSRBrKDYFeR9d/VyQzfH/jg==}
    engines: {node: '>= 6.0'}

  path-key@3.1.1:
    resolution: {integrity: sha512-ojmeN0qd+y0jszEtoY48r0Peq5dwMEkIlCOu6Q5f41lfkswXuKtYrhgoTpLnyIcHm24Uhqx+5Tqm2InSwLhE6Q==}
    engines: {node: '>=8'}

  pathe@2.0.3:
    resolution: {integrity: sha512-WUjGcAqP1gQacoQe+OBJsFA7Ld4DyXuUIjZ5cc75cLHvJ7dtNsTugphxIADwspS+AraAUePCKrSVtPLFj/F88w==}

  rolldown@1.2.7:
    resolution: {integrity: sha512-g0EtLvBjTUB7jhyV0S/TCup3v/XSVl45vUIGbOGU4QPiyjTenCe4mKuFvW9fEgYmS2Fo42AUssRmNuMziXdrig==}
    engines: {node: ^20.19.0 || >=22.12.0}
    hasBin: true

  rou3@0.9.2:
    resolution: {integrity: sha512-3SOzvaAg8rkHrXtRjpCvCvbyO5to9oOO27Z/XqHEYXfMRVSw/qMIVdmaOk9W2lcRLtR6dlqTjo9hDeJk70QBYQ==}

  shebang-command@2.0.0:
    resolution: {integrity: sha512-kHxr2zZpYtdmrN1qDjrrX/Z1rR1kG8Dx+gkpK1G4eXmvXswmcE1hTWBWYUzlraYw1/yZp6YuDY77YtvbN0dmDA==}
    engines: {node: '>=8'}

  shebang-regex@3.0.0:
    resolution: {integrity: sha512-7++dFhtcx3353uBaq8DDR4NuxBetBzC7ZQOhmTQInHEd6bSrXdiEyzCvG07Z44UYdLShWUyXt5M/yhz8ekcb1A==}
    engines: {node: '>=8'}

  signal-exit@3.0.7:
    resolution: {integrity: sha512-wnD2ZE+l+SPC/uoS0vXeE9L1+0wuaMqKlfz9AMUo38JsyLSBWSFcHR1Rri62LZc12vLr1gb3jl7iwQhgwpAbGQ==}

  srvx@1.0.4:
    resolution: {integrity: sha512-eZmYaxUfZSo7/8m8UdsHRJNmTLSCTPPom9d7a60vMmuVeZvwhbvflRR+00/CxTCjMOFa5+H8tgBeNDVZ+w7AAQ==}
    engines: {node: '>=20.16.0'}
    hasBin: true

  strip-final-newline@2.0.0:
    resolution: {integrity: sha512-BrpvfNAE3dcvq7ll3xVumzjKjZQ5tI1sEUIKr3Uoks0XUl45St3FlatVqef9prk4jRDzhW6WZg+3bk93y6pLjA==}
    engines: {node: '>=6'}

  toad-cache@3.7.4:
    resolution: {integrity: sha512-m1TdR/rvT7kgGJZhspNtXdsdYk0fddFpJJFlG5s+UkPFo6lkLoZ3YLOaovPYjq1R75NP5JfeTlSHaOsE09peCg==}
    engines: {node: '>=20'}

  undici-types@8.9.0:
    resolution: {integrity: sha512-KTDyRTYX8sWmKXAikPHHSyc63CRPETMctyjKFupcC6OBLXT3xsN0e9aF7m+mIXutFWpUXuedtowG7iLOzp0kQg==}

  undici@7.29.1:
    resolution: {integrity: sha512-RYONW2MeafgYlkVOKYKkA/Ag7BmXqgIWCa8t1m0JcxrQg9pI9lEqRhAOruOBCbAohOa/gkCF+iPi9hrgvTzu6Q==}
    engines: {node: '>=20.18.1'}

  undici@8.9.0:
    resolution: {integrity: sha512-aWZpUj7XoGonMClx4gdDRfgBjqeA+F473aDmROQQbM9n6PRfK/u1q/a0X4wMTgcHfT8H6fpbt98PFuDUwFg2YA==}
    engines: {node: '>=22.19.0'}

  unenv@2.0.0-rc.24:
    resolution: {integrity: sha512-i7qRCmY42zmCwnYlh9H2SvLEypEFGye5iRmEMKjcGi7zk9UquigRjFtTLz0TYqr0ZGLZhaMHl/foy1bZR+Cwlw==}

  universal-github-app-jwt@2.2.2:
    resolution: {integrity: sha512-dcmbeSrOdTnsjGjUfAlqNDJrhxXizjAz94ija9Qw8YkZ1uu0d+GoZzyH+Jb9tIIqvGsadUfwg+22k5aDqqwzbw==}

  universal-user-agent@7.0.3:
    resolution: {integrity: sha512-TmnEAEAsBJVZM/AADELsK76llnwcf9vMKuPz8JflO1frO8Lchitr0fNaN9d+Ap0BjKtqWqd/J17qeDnXh8CL2A==}

  unstorage@2.0.0-alpha.10:
    resolution: {integrity: sha512-6h1veZp8gnp4dGllf0tDijoXxDYymJu251IpKKkrSVH+QHL6tXFbwG85KM+CBHSgpkkgtPuIiZ9oLCLP5+1Evw==}

  which@2.0.2:
    resolution: {integrity: sha512-BLI3Tl1TW3Pvl70l3yq3Y64i+awpwXqsGBYWkkqMtnbXgrMD+yj7rhW0kuEDxzJaYXGjEW5ogapKNMEKNMjibA==}
    engines: {node: '>= 8'}
    hasBin: true

  xdg-app-paths@5.5.1:
    resolution: {integrity: sha512-hI3flOB4PLZIy5prbtTpirobtPE2ZtZ52szO+2mM9Efp6ErM398La+C1lIpNWDfNoQk+6Lsi6nMcCwVB7pxeMQ==}
    engines: {node: '>= 6.0'}

  xdg-portable@7.3.0:
    resolution: {integrity: sha512-sqMMuL1rc0FmMBOzCpd0yuy9trqF2yTTVe+E9ogwCSWQCdDEtQUwrZPT6AxqtsFGRNxycgncbP/xmOOSPw5ZUw==}
    engines: {node: '>= 6.0'}

  zod@4.1.11:
    resolution: {integrity: sha512-WPsqwxITS2tzx1bzhIKsEs19ABD5vmCVa4xBo2tq/SrV4RNZtfws1EnCWQXM6yh8bD08a1idvkB5MZSBiZsjwg==}

  zod@4.5.4:
    resolution: {integrity: sha512-sC95tT5iHHH9gtpj6A81kh+NEaRAUFN+qlUPDUbRfOMvNf5QCBqsb3WgvnpVtK5Y+4UfA6KqufotuTvMGiTlsA==}

snapshots:

  '@ai-sdk/gateway@4.0.75(zod@4.5.4)':
    dependencies:
      '@ai-sdk/provider': 4.0.10
      '@ai-sdk/provider-utils': 5.0.36(zod@4.5.4)
      '@vercel/oidc': 3.2.0
      zod: 4.5.4

  '@ai-sdk/provider-utils@5.0.36(zod@4.5.4)':
    dependencies:
      '@ai-sdk/provider': 4.0.10
      '@standard-schema/spec': 1.1.0
      '@workflow/serde': 4.1.0
      eventsource-parser: 3.1.1
      undici: 7.29.1
      zod: 4.5.4

  '@ai-sdk/provider@4.0.10':
    dependencies:
      json-schema: 0.4.0

  '@octokit/app@16.1.4':
    dependencies:
      '@octokit/auth-app': 8.3.1
      '@octokit/auth-unauthenticated': 7.0.5
      '@octokit/core': 7.0.8
      '@octokit/oauth-app': 8.0.4
      '@octokit/plugin-paginate-rest': 15.0.0(@octokit/core@7.0.8)
      '@octokit/types': 17.0.0
      '@octokit/webhooks': 14.2.0

  '@octokit/auth-app@8.3.1':
    dependencies:
      '@octokit/auth-oauth-app': 9.0.5
      '@octokit/auth-oauth-user': 6.0.4
      '@octokit/request': 10.0.16
      '@octokit/request-error': 7.1.2
      '@octokit/types': 18.0.0
      toad-cache: 3.7.4
      universal-github-app-jwt: 2.2.2
      universal-user-agent: 7.0.3

  '@octokit/auth-oauth-app@9.0.5':
    dependencies:
      '@octokit/auth-oauth-device': 8.0.5
      '@octokit/auth-oauth-user': 6.0.4
      '@octokit/request': 10.0.16
      '@octokit/types': 18.0.0
      universal-user-agent: 7.0.3

  '@octokit/auth-oauth-device@8.0.5':
    dependencies:
      '@octokit/oauth-methods': 6.0.5
      '@octokit/request': 10.0.16
      '@octokit/types': 18.0.0
      universal-user-agent: 7.0.3

  '@octokit/auth-oauth-user@6.0.4':
    dependencies:
      '@octokit/auth-oauth-device': 8.0.5
      '@octokit/oauth-methods': 6.0.5
      '@octokit/request': 10.0.16
      '@octokit/types': 18.0.0
      universal-user-agent: 7.0.3

  '@octokit/auth-token@6.0.0': {}

  '@octokit/auth-unauthenticated@7.0.5':
    dependencies:
      '@octokit/request-error': 7.1.2
      '@octokit/types': 18.0.0

  '@octokit/core@7.0.8':
    dependencies:
      '@octokit/auth-token': 6.0.0
      '@octokit/graphql': 9.0.5
      '@octokit/request': 10.0.16
      '@octokit/request-error': 7.1.2
      '@octokit/types': 18.0.0
      before-after-hook: 4.0.0
      universal-user-agent: 7.0.3

  '@octokit/endpoint@11.0.5':
    dependencies:
      '@octokit/types': 18.0.0
      universal-user-agent: 7.0.3

  '@octokit/graphql@9.0.5':
    dependencies:
      '@octokit/request': 10.0.16
      '@octokit/types': 18.0.0
      universal-user-agent: 7.0.3

  '@octokit/oauth-app@8.0.4':
    dependencies:
      '@octokit/auth-oauth-app': 9.0.5
      '@octokit/auth-oauth-user': 6.0.4
      '@octokit/auth-unauthenticated': 7.0.5
      '@octokit/core': 7.0.8
      '@octokit/oauth-authorization-url': 8.0.0
      '@octokit/oauth-methods': 6.0.5
      '@types/aws-lambda': 8.10.163
      universal-user-agent: 7.0.3

  '@octokit/oauth-authorization-url@8.0.0': {}

  '@octokit/oauth-methods@6.0.5':
    dependencies:
      '@octokit/oauth-authorization-url': 8.0.0
      '@octokit/request': 10.0.16
      '@octokit/request-error': 7.1.2
      '@octokit/types': 18.0.0

  '@octokit/openapi-types@27.0.0': {}

  '@octokit/openapi-types@28.0.0': {}

  '@octokit/openapi-types@29.0.1': {}

  '@octokit/openapi-webhooks-types@12.1.0': {}

  '@octokit/plugin-paginate-graphql@6.0.0(@octokit/core@7.0.8)':
    dependencies:
      '@octokit/core': 7.0.8

  '@octokit/plugin-paginate-rest@14.0.0(@octokit/core@7.0.8)':
    dependencies:
      '@octokit/core': 7.0.8
      '@octokit/types': 16.0.0

  '@octokit/plugin-paginate-rest@15.0.0(@octokit/core@7.0.8)':
    dependencies:
      '@octokit/core': 7.0.8
      '@octokit/types': 17.0.0

  '@octokit/plugin-rest-endpoint-methods@17.0.0(@octokit/core@7.0.8)':
    dependencies:
      '@octokit/core': 7.0.8
      '@octokit/types': 16.0.0

  '@octokit/plugin-retry@8.1.1(@octokit/core@7.0.8)':
    dependencies:
      '@octokit/core': 7.0.8
      '@octokit/request-error': 7.1.2
      '@octokit/types': 17.0.0
      bottleneck: 2.19.5

  '@octokit/plugin-throttling@11.0.5(@octokit/core@7.0.8)':
    dependencies:
      '@octokit/core': 7.0.8
      '@octokit/types': 17.0.0
      bottleneck: 2.19.5

  '@octokit/request-error@7.1.2':
    dependencies:
      '@octokit/types': 18.0.0

  '@octokit/request@10.0.16':
    dependencies:
      '@octokit/endpoint': 11.0.5
      '@octokit/request-error': 7.1.2
      '@octokit/types': 18.0.0
      content-type: 3.0.0
      json-with-bigint: 3.5.12
      universal-user-agent: 7.0.3

  '@octokit/types@16.0.0':
    dependencies:
      '@octokit/openapi-types': 27.0.0

  '@octokit/types@17.0.0':
    dependencies:
      '@octokit/openapi-types': 28.0.0

  '@octokit/types@18.0.0':
    dependencies:
      '@octokit/openapi-types': 29.0.1

  '@octokit/webhooks-methods@6.0.0': {}

  '@octokit/webhooks@14.2.0':
    dependencies:
      '@octokit/openapi-webhooks-types': 12.1.0
      '@octokit/request-error': 7.1.2
      '@octokit/webhooks-methods': 6.0.0

  '@openrouter/ai-sdk-provider@3.0.0(ai@7.0.93(zod@4.5.4))(zod@4.5.4)':
    dependencies:
      ai: 7.0.93(zod@4.5.4)
      zod: 4.5.4

  '@oxc-project/types@0.148.0': {}

  '@rolldown/binding-android-arm-eabi@1.2.7':
    optional: true

  '@rolldown/binding-android-arm64@1.2.7':
    optional: true

  '@rolldown/binding-darwin-arm64@1.2.7':
    optional: true

  '@rolldown/binding-darwin-x64@1.2.7':
    optional: true

  '@rolldown/binding-freebsd-x64@1.2.7':
    optional: true

  '@rolldown/binding-linux-arm-gnueabihf@1.2.7':
    optional: true

  '@rolldown/binding-linux-arm64-gnu@1.2.7':
    optional: true

  '@rolldown/binding-linux-arm64-musl@1.2.7':
    optional: true

  '@rolldown/binding-linux-ppc64-gnu@1.2.7':
    optional: true

  '@rolldown/binding-linux-s390x-gnu@1.2.7':
    optional: true

  '@rolldown/binding-linux-x64-gnu@1.2.7':
    optional: true

  '@rolldown/binding-linux-x64-musl@1.2.7':
    optional: true

  '@rolldown/binding-openharmony-arm64@1.2.7':
    optional: true

  '@rolldown/binding-win32-arm64-msvc@1.2.7':
    optional: true

  '@rolldown/binding-win32-x64-msvc@1.2.7':
    optional: true

  '@rolldown/pluginutils@1.0.1': {}

  '@standard-schema/spec@1.1.0': {}

  '@types/aws-lambda@8.10.163': {}

  '@types/node@26.5.0':
    dependencies:
      undici-types: 8.9.0

  '@typescript/native-preview-darwin-arm64@7.0.0-dev.20260707.2':
    optional: true

  '@typescript/native-preview-darwin-x64@7.0.0-dev.20260707.2':
    optional: true

  '@typescript/native-preview-linux-arm64@7.0.0-dev.20260707.2':
    optional: true

  '@typescript/native-preview-linux-arm@7.0.0-dev.20260707.2':
    optional: true

  '@typescript/native-preview-linux-x64@7.0.0-dev.20260707.2':
    optional: true

  '@typescript/native-preview-win32-arm64@7.0.0-dev.20260707.2':
    optional: true

  '@typescript/native-preview-win32-x64@7.0.0-dev.20260707.2':
    optional: true

  '@typescript/native-preview@7.0.0-dev.20260707.2':
    optionalDependencies:
      '@typescript/native-preview-darwin-arm64': 7.0.0-dev.20260707.2
      '@typescript/native-preview-darwin-x64': 7.0.0-dev.20260707.2
      '@typescript/native-preview-linux-arm': 7.0.0-dev.20260707.2
      '@typescript/native-preview-linux-arm64': 7.0.0-dev.20260707.2
      '@typescript/native-preview-linux-x64': 7.0.0-dev.20260707.2
      '@typescript/native-preview-win32-arm64': 7.0.0-dev.20260707.2
      '@typescript/native-preview-win32-x64': 7.0.0-dev.20260707.2

  '@vercel/cli-config@0.2.4':
    dependencies:
      xdg-app-paths: 5.5.1
      zod: 4.1.11

  '@vercel/cli-exec@1.0.1':
    dependencies:
      execa: 5.1.1

  '@vercel/connect@2.0.2(ai@7.0.93(zod@4.5.4))(eve@0.52.2(ai@7.0.93(zod@4.5.4)))':
    dependencies:
      '@vercel/oidc': 3.8.5
    optionalDependencies:
      ai: 7.0.93(zod@4.5.4)
      eve: 0.52.2(ai@7.0.93(zod@4.5.4))

  '@vercel/oidc@3.2.0': {}

  '@vercel/oidc@3.8.5':
    dependencies:
      '@vercel/cli-config': 0.2.4
      '@vercel/cli-exec': 1.0.1
      jose: 5.10.0

  '@workflow/serde@4.1.0': {}

  ai@7.0.93(zod@4.5.4):
    dependencies:
      '@ai-sdk/gateway': 4.0.75(zod@4.5.4)
      '@ai-sdk/provider': 4.0.10
      '@ai-sdk/provider-utils': 5.0.36(zod@4.5.4)
      zod: 4.5.4

  before-after-hook@4.0.0: {}

  bottleneck@2.19.5: {}

  consola@3.4.2: {}

  content-type@3.0.0: {}

  cross-spawn@7.0.6:
    dependencies:
      path-key: 3.1.1
      shebang-command: 2.0.0
      which: 2.0.2

  crossws@0.4.12(srvx@1.0.4):
    optionalDependencies:
      srvx: 1.0.4

  db0@0.4.1: {}

  env-runner@0.2.1:
    dependencies:
      crossws: 0.4.12(srvx@1.0.4)
      exsolve: 1.1.1
      httpxy: 0.5.5
      srvx: 1.0.4

  eve@0.52.2(ai@7.0.93(zod@4.5.4)):
    dependencies:
      ai: 7.0.93(zod@4.5.4)
      nitro: 3.0.260903-beta
      undici: 8.9.0

  eventsource-parser@3.1.1: {}

  execa@5.1.1:
    dependencies:
      cross-spawn: 7.0.6
      get-stream: 6.0.1
      human-signals: 2.1.0
      is-stream: 2.0.1
      merge-stream: 2.0.0
      npm-run-path: 4.0.1
      onetime: 5.1.2
      signal-exit: 3.0.7
      strip-final-newline: 2.0.0

  exsolve@1.1.1: {}

  get-stream@6.0.1: {}

  h3@2.0.1-rc.31(crossws@0.4.12(srvx@1.0.4))(ocache@0.3.0):
    dependencies:
      rou3: 0.9.2
      srvx: 1.0.4
    optionalDependencies:
      crossws: 0.4.12(srvx@1.0.4)
      ocache: 0.3.0

  hookable@6.1.1: {}

  httpxy@0.5.5: {}

  human-signals@2.1.0: {}

  is-stream@2.0.1: {}

  isexe@2.0.0: {}

  jose@5.10.0: {}

  json-schema@0.4.0: {}

  json-with-bigint@3.5.12: {}

  merge-stream@2.0.0: {}

  mimic-fn@2.1.0: {}

  nf3@0.3.24: {}

  nitro@3.0.260903-beta:
    dependencies:
      consola: 3.4.2
      crossws: 0.4.12(srvx@1.0.4)
      db0: 0.4.1
      env-runner: 0.2.1
      h3: 2.0.1-rc.31(crossws@0.4.12(srvx@1.0.4))(ocache@0.3.0)
      hookable: 6.1.1
      nf3: 0.3.24
      ocache: 0.3.0
      rolldown: 1.2.7
      rou3: 0.9.2
      srvx: 1.0.4
      unenv: 2.0.0-rc.24
      unstorage: 2.0.0-alpha.10

  npm-run-path@4.0.1:
    dependencies:
      path-key: 3.1.1

  ocache@0.3.0: {}

  octokit@5.0.5:
    dependencies:
      '@octokit/app': 16.1.4
      '@octokit/core': 7.0.8
      '@octokit/oauth-app': 8.0.4
      '@octokit/plugin-paginate-graphql': 6.0.0(@octokit/core@7.0.8)
      '@octokit/plugin-paginate-rest': 14.0.0(@octokit/core@7.0.8)
      '@octokit/plugin-rest-endpoint-methods': 17.0.0(@octokit/core@7.0.8)
      '@octokit/plugin-retry': 8.1.1(@octokit/core@7.0.8)
      '@octokit/plugin-throttling': 11.0.5(@octokit/core@7.0.8)
      '@octokit/request-error': 7.1.2
      '@octokit/types': 16.0.0
      '@octokit/webhooks': 14.2.0

  onetime@5.1.2:
    dependencies:
      mimic-fn: 2.1.0

  os-paths@4.4.0: {}

  path-key@3.1.1: {}

  pathe@2.0.3: {}

  rolldown@1.2.7:
    dependencies:
      '@oxc-project/types': 0.148.0
      '@rolldown/pluginutils': 1.0.1
    optionalDependencies:
      '@rolldown/binding-android-arm-eabi': 1.2.7
      '@rolldown/binding-android-arm64': 1.2.7
      '@rolldown/binding-darwin-arm64': 1.2.7
      '@rolldown/binding-darwin-x64': 1.2.7
      '@rolldown/binding-freebsd-x64': 1.2.7
      '@rolldown/binding-linux-arm-gnueabihf': 1.2.7
      '@rolldown/binding-linux-arm64-gnu': 1.2.7
      '@rolldown/binding-linux-arm64-musl': 1.2.7
      '@rolldown/binding-linux-ppc64-gnu': 1.2.7
      '@rolldown/binding-linux-s390x-gnu': 1.2.7
      '@rolldown/binding-linux-x64-gnu': 1.2.7
      '@rolldown/binding-linux-x64-musl': 1.2.7
      '@rolldown/binding-openharmony-arm64': 1.2.7
      '@rolldown/binding-win32-arm64-msvc': 1.2.7
      '@rolldown/binding-win32-x64-msvc': 1.2.7

  rou3@0.9.2: {}

  shebang-command@2.0.0:
    dependencies:
      shebang-regex: 3.0.0

  shebang-regex@3.0.0: {}

  signal-exit@3.0.7: {}

  srvx@1.0.4: {}

  strip-final-newline@2.0.0: {}

  toad-cache@3.7.4: {}

  undici-types@8.9.0: {}

  undici@7.29.1: {}

  undici@8.9.0: {}

  unenv@2.0.0-rc.24:
    dependencies:
      pathe: 2.0.3

  universal-github-app-jwt@2.2.2: {}

  universal-user-agent@7.0.3: {}

  unstorage@2.0.0-alpha.10: {}

  which@2.0.2:
    dependencies:
      isexe: 2.0.0

  xdg-app-paths@5.5.1:
    dependencies:
      os-paths: 4.4.0
      xdg-portable: 7.3.0

  xdg-portable@7.3.0:
    dependencies:
      os-paths: 4.4.0

  zod@4.1.11: {}

  zod@4.5.4: {}
